
Microsoft Visual Studio Solution File, Format Version 12.00
# Visual Studio 14
VisualStudioVersion = 14.0.25420.1
MinimumVisualStudioVersion = 10.0.40219.1
Project("{FAE04EC0-301F-11D3-BF4B-00C04F79EFBC}") = "Foundation", "MasterThesis\Foundation.csproj", "{D4FDD5C5-5DA2-4121-BF81-3B5BA404B676}"
EndProject
Project("{FAE04EC0-301F-11D3-BF4B-00C04F79EFBC}") = "Sandbox", "Sandbox\Sandbox.csproj", "{F958826B-00B4-4191-A474-6E0C10DB250B}"
EndProject
Project("{FAE04EC0-301F-11D3-BF4B-00C04F79EFBC}") = "ExcelApplication", "ExcelApplication\ExcelApplication.csproj", "{25C2E5B2-F6E9-4F19-A262-DC89EDE16A6F}"
EndProject
Global
	GlobalSection(SolutionConfigurationPlatforms) = preSolution
		Debug|Any CPU = Debug|Any CPU
		Release|Any CPU = Release|Any CPU
	EndGlobalSection
	GlobalSection(ProjectConfigurationPlatforms) = postSolution
		{D4FDD5C5-5DA2-4121-BF81-3B5BA404B676}.Debug|Any CPU.ActiveCfg = Debug|Any CPU
		{D4FDD5C5-5DA2-4121-BF81-3B5BA404B676}.Debug|Any CPU.Build.0 = Debug|Any CPU
		{D4FDD5C5-5DA2-4121-BF81-3B5BA404B676}.Release|Any CPU.ActiveCfg = Release|Any CPU
		{D4FDD5C5-5DA2-4121-BF81-3B5BA404B676}.Release|Any CPU.Build.0 = Release|Any CPU
		{F958826B-00B4-4191-A474-6E0C10DB250B}.Debug|Any CPU.ActiveCfg = Debug|Any CPU
		{F958826B-00B4-4191-A474-6E0C10DB250B}.Debug|Any CPU.Build.0 = Debug|Any CPU
		{F958826B-00B4-4191-A474-6E0C10DB250B}.Release|Any CPU.ActiveCfg = Release|Any CPU
		{F958826B-00B4-4191-A474-6E0C10DB250B}.Release|Any CPU.Build.0 = Release|Any CPU
		{25C2E5B2-F6E9-4F19-A262-DC89EDE16A6F}.Debug|Any CPU.ActiveCfg = Debug|Any CPU
		{25C2E5B2-F6E9-4F19-A262-DC89EDE16A6F}.Debug|Any CPU.Build.0 = Debug|Any CPU
		{25C2E5B2-F6E9-4F19-A262-DC89EDE16A6F}.Release|Any CPU.ActiveCfg = Release|Any CPU
		{25C2E5B2-F6E9-4F19-A262-DC89EDE16A6F}.Release|Any CPU.Build.0 = Release|Any CPU
	EndGlobalSection
	GlobalSection(SolutionProperties) = preSolution
		HideSolutionNode = FALSE
	EndGlobalSection
EndGlobal
